// !$*UTF8*$!
// Generated by python3 capacitor/generate_project.py
{
	archiveVersion = 1;
	classes = {};
	objectVersion = 56;
	objects = {
		7C792B189319C0BFF2B94352 = { isa = PBXFileReference; lastKnownFileType = sourcecode.swift; path = "App/AppDelegate.swift"; sourceTree = SOURCE_ROOT; };
		F2DF9D4920B92F4626B03B96 = { isa = PBXBuildFile; fileRef = 7C792B189319C0BFF2B94352; };
		C53DD3263421B0B2E229DBB1 = { isa = PBXFileReference; lastKnownFileType = sourcecode.swift; path = "App/AuxiliumCapturePlugin.swift"; sourceTree = SOURCE_ROOT; };
		1E1FC631A4183466FAC2D226 = { isa = PBXBuildFile; fileRef = C53DD3263421B0B2E229DBB1; };
		4D90AB6CBBB1618FE2FCA7F4 = { isa = PBXFileReference; lastKnownFileType = sourcecode.swift; path = "App/AuxiliumFilesPlugin.swift"; sourceTree = SOURCE_ROOT; };
		F415F34B6A9ECDCAD78035FA = { isa = PBXBuildFile; fileRef = 4D90AB6CBBB1618FE2FCA7F4; };
		492D06D941A6BEFFE778E6EF = { isa = PBXFileReference; lastKnownFileType = sourcecode.swift; path = "App/BridgePolicy.swift"; sourceTree = SOURCE_ROOT; };
		5E91C636C58641140C534D09 = { isa = PBXBuildFile; fileRef = 492D06D941A6BEFFE778E6EF; };
		A87898FE72C94C10A99A5463 = { isa = PBXFileReference; lastKnownFileType = sourcecode.swift; path = "App/ExportBridgePolicy.swift"; sourceTree = SOURCE_ROOT; };
		4206AC212EE3ACD3B6DD8804 = { isa = PBXBuildFile; fileRef = A87898FE72C94C10A99A5463; };
		6244234ABD60EE169765B94C = { isa = PBXFileReference; lastKnownFileType = sourcecode.swift; path = "App/NativeCaptureWorkspace.swift"; sourceTree = SOURCE_ROOT; };
		7223B39347A235EB1B2C0AF7 = { isa = PBXBuildFile; fileRef = 6244234ABD60EE169765B94C; };
		846DEB8332EB2818D5DD0956 = { isa = PBXFileReference; lastKnownFileType = sourcecode.swift; path = "App/SpatialBridgeViewController.swift"; sourceTree = SOURCE_ROOT; };
		4EA4A109456EE7B65D2514FC = { isa = PBXBuildFile; fileRef = 846DEB8332EB2818D5DD0956; };
		16325DFAA8788851A96D694C = { isa = PBXFileReference; lastKnownFileType = sourcecode.swift; path = "../../ios/SpatialApp/CaptureController.swift"; sourceTree = SOURCE_ROOT; };
		CAA23A8130695CB36BFC5D67 = { isa = PBXBuildFile; fileRef = 16325DFAA8788851A96D694C; };
		E9062110F11F84CCB5AA6179 = { isa = PBXFileReference; lastKnownFileType = sourcecode.swift; path = "../../ios/SpatialApp/CapturePipeline.swift"; sourceTree = SOURCE_ROOT; };
		2E1FAE1501A8123AF033234E = { isa = PBXBuildFile; fileRef = E9062110F11F84CCB5AA6179; };
		A927536CB39EAACAC9DB2D8D = { isa = PBXFileReference; lastKnownFileType = sourcecode.swift; path = "../../ios/SpatialApp/AppleSurfaceAdapter.swift"; sourceTree = SOURCE_ROOT; };
		F21633ADA2C0D5A7C344148C = { isa = PBXBuildFile; fileRef = A927536CB39EAACAC9DB2D8D; };
		BE3EE6251E599C54183F749A = { isa = PBXFileReference; lastKnownFileType = sourcecode.swift; path = "../../ios/SpatialApp/DeviceAccessGate.swift"; sourceTree = SOURCE_ROOT; };
		8C39081782540659C6D8F009 = { isa = PBXBuildFile; fileRef = BE3EE6251E599C54183F749A; };
		3E72F852075DCDD320C6020E = { isa = PBXFileReference; lastKnownFileType = sourcecode.swift; path = "../../tests/native/ConnectedCaptureTests.swift"; sourceTree = SOURCE_ROOT; };
		44440931B32FABA4A3E741D6 = { isa = PBXBuildFile; fileRef = 3E72F852075DCDD320C6020E; };
		73BBB10164B716C36942B597 = { isa = PBXFileReference; lastKnownFileType = sourcecode.swift; path = "../../tests/capacitor/BridgePolicyTests.swift"; sourceTree = SOURCE_ROOT; };
		35C7192F55CFEAD2D17AE545 = { isa = PBXBuildFile; fileRef = 73BBB10164B716C36942B597; };
		681C948D238C526E9E3424E0 = { isa = PBXFileReference; explicitFileType = wrapper.application; includeInIndex = 0; path = AuxiliumSpatial.app; sourceTree = BUILT_PRODUCTS_DIR; };
		F739566ED5280322FF98A798 = { isa = PBXFileReference; explicitFileType = wrapper.cfbundle; includeInIndex = 0; path = AuxiliumSpatialTests.xctest; sourceTree = BUILT_PRODUCTS_DIR; };
		9BB40E1333DD3F18A0EA4222 = { isa = PBXFileReference; lastKnownFileType = text.xml; path = ../../ios/SpatialApp/PrivacyInfo.xcprivacy; sourceTree = SOURCE_ROOT; };
		CE592D926B548708CFD0C61E = { isa = PBXBuildFile; fileRef = 9BB40E1333DD3F18A0EA4222; };
		5AEBF375DF97688E58A677C9 = { isa = XCLocalSwiftPackageReference; relativePath = "../../packages/SpatialCore"; };
		A812988C9C3268BF8167312B = { isa = XCSwiftPackageProductDependency; package = 5AEBF375DF97688E58A677C9; productName = SpatialCore; };
		0163A70ABBF663308F2D9E8B = { isa = PBXBuildFile; productRef = A812988C9C3268BF8167312B; };
		388F23C688DCDA84C61BD285 = { isa = PBXBuildFile; productRef = A812988C9C3268BF8167312B; };
		7D717171E42B8ABBD564AC4E = { isa = XCLocalSwiftPackageReference; relativePath = "../../packages/CaptureKit"; };
		4B5AB958509DDECE136047E2 = { isa = XCSwiftPackageProductDependency; package = 7D717171E42B8ABBD564AC4E; productName = CaptureKit; };
		584B5E84E0F97268762F7483 = { isa = PBXBuildFile; productRef = 4B5AB958509DDECE136047E2; };
		B0DB91C6887561E99AF33F1E = { isa = PBXBuildFile; productRef = 4B5AB958509DDECE136047E2; };
		5344FCC14C74D93A086674AE = { isa = XCLocalSwiftPackageReference; relativePath = "../../packages/SpatialPersistence"; };
		0221AA2FA69BC65AD10D628C = { isa = XCSwiftPackageProductDependency; package = 5344FCC14C74D93A086674AE; productName = SpatialPersistence; };
		7A5CFA8F1047A3F43E3602C8 = { isa = PBXBuildFile; productRef = 0221AA2FA69BC65AD10D628C; };
		9A404CFB12B1B005A4F0D888 = { isa = PBXBuildFile; productRef = 0221AA2FA69BC65AD10D628C; };
		5C1CFE28CF6FA9CD1BBFC108 = { isa = XCLocalSwiftPackageReference; relativePath = "../../packages/SpatialInterop"; };
		F29E19EADF04EC3BFA639E6C = { isa = XCSwiftPackageProductDependency; package = 5C1CFE28CF6FA9CD1BBFC108; productName = SpatialInterop; };
		E23A2D53CB2B76FFD8EC8939 = { isa = PBXBuildFile; productRef = F29E19EADF04EC3BFA639E6C; };
		631B2CE26ABB03DAD1349AD0 = { isa = PBXBuildFile; productRef = F29E19EADF04EC3BFA639E6C; };
		FF0B0D9C56BFD690800E61DC = { isa = XCRemoteSwiftPackageReference; repositoryURL = "https://github.com/ionic-team/capacitor-swift-pm.git"; requirement = { kind = exactVersion; version = 8.5.3; }; };
		D6AA4DCF7363AC92ECC25436 = { isa = XCSwiftPackageProductDependency; package = FF0B0D9C56BFD690800E61DC; productName = Capacitor; };
		5960AF7B7E4C93099A4FA8D7 = { isa = PBXBuildFile; productRef = D6AA4DCF7363AC92ECC25436; };
		F6B43700C5279C8EB887E661 = { isa = PBXBuildFile; productRef = D6AA4DCF7363AC92ECC25436; };
		082D0358E7DE4D41783DC14D = { isa = XCSwiftPackageProductDependency; package = FF0B0D9C56BFD690800E61DC; productName = Cordova; };
		477B04B03914ACF248C8B1E8 = { isa = PBXBuildFile; productRef = 082D0358E7DE4D41783DC14D; };
		B19486C697B9DAC118037217 = { isa = PBXBuildFile; productRef = 082D0358E7DE4D41783DC14D; };
		C5E87DA82E6656691008A9EC = { isa = PBXFileReference; lastKnownFileType = folder; path = App/public; sourceTree = SOURCE_ROOT; };
		F667F45F4FEE3F0888D2478E = { isa = PBXFileReference; lastKnownFileType = text.json; path = App/capacitor.config.json; sourceTree = SOURCE_ROOT; };
		C200D09A087234EBC55F4062 = { isa = PBXBuildFile; fileRef = C5E87DA82E6656691008A9EC; };
		9DA78841D96F3F47B43FEB69 = { isa = PBXBuildFile; fileRef = F667F45F4FEE3F0888D2478E; };
		19F479106CE8C3BA8C106518 = { isa = PBXGroup; children = (3B321D4C1A98E53F25157DEF, C4DF94A42CA730B26E01C133, B9E7F2871A3402983868AFC8,); sourceTree = "<group>"; };
		3B321D4C1A98E53F25157DEF = { isa = PBXGroup; name = SpatialApp; children = (7C792B189319C0BFF2B94352, C53DD3263421B0B2E229DBB1, 4D90AB6CBBB1618FE2FCA7F4, 492D06D941A6BEFFE778E6EF, A87898FE72C94C10A99A5463, 6244234ABD60EE169765B94C, 846DEB8332EB2818D5DD0956, 16325DFAA8788851A96D694C, E9062110F11F84CCB5AA6179, A927536CB39EAACAC9DB2D8D, BE3EE6251E599C54183F749A, C5E87DA82E6656691008A9EC, F667F45F4FEE3F0888D2478E, 9BB40E1333DD3F18A0EA4222,); sourceTree = "<group>"; };
		C4DF94A42CA730B26E01C133 = { isa = PBXGroup; name = NativeTests; children = (3E72F852075DCDD320C6020E, 73BBB10164B716C36942B597,); sourceTree = "<group>"; };
		B9E7F2871A3402983868AFC8 = { isa = PBXGroup; name = Products; children = (681C948D238C526E9E3424E0, F739566ED5280322FF98A798,); sourceTree = "<group>"; };
		AFF87A50730392B6633ACECE = { isa = PBXSourcesBuildPhase; buildActionMask = 2147483647; files = (F2DF9D4920B92F4626B03B96, 1E1FC631A4183466FAC2D226, F415F34B6A9ECDCAD78035FA, 5E91C636C58641140C534D09, 4206AC212EE3ACD3B6DD8804, 7223B39347A235EB1B2C0AF7, 4EA4A109456EE7B65D2514FC, CAA23A8130695CB36BFC5D67, 2E1FAE1501A8123AF033234E, F21633ADA2C0D5A7C344148C, 8C39081782540659C6D8F009,); runOnlyForDeploymentPostprocessing = 0; };
		F9187E824FE171A6F0EFAE28 = { isa = PBXResourcesBuildPhase; buildActionMask = 2147483647; files = (CE592D926B548708CFD0C61E, C200D09A087234EBC55F4062, 9DA78841D96F3F47B43FEB69,); runOnlyForDeploymentPostprocessing = 0; };
		7A4C2DC8FCA657188648E999 = { isa = PBXFrameworksBuildPhase; buildActionMask = 2147483647; files = (0163A70ABBF663308F2D9E8B, 584B5E84E0F97268762F7483, 7A5CFA8F1047A3F43E3602C8, E23A2D53CB2B76FFD8EC8939, 5960AF7B7E4C93099A4FA8D7, 477B04B03914ACF248C8B1E8,); runOnlyForDeploymentPostprocessing = 0; };
		DEE94446A282611C16F7781C = { isa = PBXSourcesBuildPhase; buildActionMask = 2147483647; files = (44440931B32FABA4A3E741D6, 35C7192F55CFEAD2D17AE545,); runOnlyForDeploymentPostprocessing = 0; };
		1F030AB36D1A3A4389CF71AE = { isa = PBXResourcesBuildPhase; buildActionMask = 2147483647; files = (); runOnlyForDeploymentPostprocessing = 0; };
		B10CDED79664567B030B2B4F = { isa = PBXFrameworksBuildPhase; buildActionMask = 2147483647; files = (388F23C688DCDA84C61BD285, B0DB91C6887561E99AF33F1E, 9A404CFB12B1B005A4F0D888, 631B2CE26ABB03DAD1349AD0, F6B43700C5279C8EB887E661, B19486C697B9DAC118037217,); runOnlyForDeploymentPostprocessing = 0; };
		DAB01D73CBBCF1FEDE84E2D6 = { isa = PBXContainerItemProxy; containerPortal = 244210E48437B6556980A702; proxyType = 1; remoteGlobalIDString = C1E9827DB735CA9BAA54A540; remoteInfo = AuxiliumSpatial; };
		D8AC7F769CF2FC78ABB74366 = { isa = PBXTargetDependency; target = C1E9827DB735CA9BAA54A540; targetProxy = DAB01D73CBBCF1FEDE84E2D6; };
		C1E9827DB735CA9BAA54A540 = { isa = PBXNativeTarget; buildConfigurationList = 7BCEE9A04133D8A2FED7D4D3; buildPhases = (AFF87A50730392B6633ACECE, 7A4C2DC8FCA657188648E999, F9187E824FE171A6F0EFAE28,); buildRules = (); dependencies = (); name = AuxiliumSpatial; packageProductDependencies = (A812988C9C3268BF8167312B, 4B5AB958509DDECE136047E2, 0221AA2FA69BC65AD10D628C, F29E19EADF04EC3BFA639E6C, D6AA4DCF7363AC92ECC25436, 082D0358E7DE4D41783DC14D,); productName = AuxiliumSpatial; productReference = 681C948D238C526E9E3424E0; productType = "com.apple.product-type.application"; };
		9805CBD60EB4F66728D5D195 = { isa = PBXNativeTarget; buildConfigurationList = AD7020964E1E033F765FE484; buildPhases = (DEE94446A282611C16F7781C, B10CDED79664567B030B2B4F, 1F030AB36D1A3A4389CF71AE,); buildRules = (); dependencies = (D8AC7F769CF2FC78ABB74366,); name = AuxiliumSpatialTests; packageProductDependencies = (A812988C9C3268BF8167312B, 4B5AB958509DDECE136047E2, 0221AA2FA69BC65AD10D628C, F29E19EADF04EC3BFA639E6C, D6AA4DCF7363AC92ECC25436, 082D0358E7DE4D41783DC14D,); productName = AuxiliumSpatialTests; productReference = F739566ED5280322FF98A798; productType = "com.apple.product-type.bundle.unit-test"; };
		73EBF6644258C120893E685D = { isa = XCBuildConfiguration; buildSettings = { CLANG_ENABLE_MODULES = "YES"; CLANG_ENABLE_OBJC_ARC = "YES"; DEBUG_INFORMATION_FORMAT = "dwarf"; ENABLE_TESTABILITY = "YES"; ENABLE_USER_SCRIPT_SANDBOXING = "YES"; IPHONEOS_DEPLOYMENT_TARGET = "17.0"; ONLY_ACTIVE_ARCH = "YES"; SDKROOT = "iphoneos"; SWIFT_ACTIVE_COMPILATION_CONDITIONS = "DEBUG $(inherited)"; SWIFT_OPTIMIZATION_LEVEL = "-Onone"; SWIFT_VERSION = "5.0"; }; name = Debug; };
		0B0C687DF8B6B8DC790B519C = { isa = XCBuildConfiguration; buildSettings = { CLANG_ENABLE_MODULES = "YES"; CLANG_ENABLE_OBJC_ARC = "YES"; DEBUG_INFORMATION_FORMAT = "dwarf-with-dsym"; ENABLE_TESTABILITY = "NO"; ENABLE_USER_SCRIPT_SANDBOXING = "YES"; IPHONEOS_DEPLOYMENT_TARGET = "17.0"; ONLY_ACTIVE_ARCH = "NO"; SDKROOT = "iphoneos"; SWIFT_OPTIMIZATION_LEVEL = "-O"; SWIFT_VERSION = "5.0"; }; name = Release; };
		B4E10CAA9C5E22150B71559C = { isa = XCConfigurationList; buildConfigurations = (73EBF6644258C120893E685D, 0B0C687DF8B6B8DC790B519C,); defaultConfigurationIsVisible = 0; defaultConfigurationName = Release; };
		B00CCDD09424E369308D67FA = { isa = XCBuildConfiguration; buildSettings = { CODE_SIGN_STYLE = "Automatic"; CURRENT_PROJECT_VERSION = "1"; GENERATE_INFOPLIST_FILE = "NO"; INFOPLIST_FILE = "App/Info.plist"; LD_RUNPATH_SEARCH_PATHS = "$(inherited) @executable_path/Frameworks"; MARKETING_VERSION = "0.1.0"; PRODUCT_BUNDLE_IDENTIFIER = "com.auxiliumenvironmental.spatial"; PRODUCT_NAME = "$(TARGET_NAME)"; SUPPORTED_PLATFORMS = "iphoneos iphonesimulator"; SUPPORTS_MACCATALYST = "NO"; SUPPORTS_MAC_DESIGNED_FOR_IPHONE_IPAD = "NO"; SWIFT_EMIT_LOC_STRINGS = "YES"; TARGETED_DEVICE_FAMILY = "1"; }; name = Debug; };
		1B104479E55E37CF8A63CBDF = { isa = XCBuildConfiguration; buildSettings = { CODE_SIGN_STYLE = "Automatic"; CURRENT_PROJECT_VERSION = "1"; GENERATE_INFOPLIST_FILE = "NO"; INFOPLIST_FILE = "App/Info.plist"; LD_RUNPATH_SEARCH_PATHS = "$(inherited) @executable_path/Frameworks"; MARKETING_VERSION = "0.1.0"; PRODUCT_BUNDLE_IDENTIFIER = "com.auxiliumenvironmental.spatial"; PRODUCT_NAME = "$(TARGET_NAME)"; SUPPORTED_PLATFORMS = "iphoneos iphonesimulator"; SUPPORTS_MACCATALYST = "NO"; SUPPORTS_MAC_DESIGNED_FOR_IPHONE_IPAD = "NO"; SWIFT_EMIT_LOC_STRINGS = "YES"; TARGETED_DEVICE_FAMILY = "1"; }; name = Release; };
		7BCEE9A04133D8A2FED7D4D3 = { isa = XCConfigurationList; buildConfigurations = (B00CCDD09424E369308D67FA, 1B104479E55E37CF8A63CBDF,); defaultConfigurationIsVisible = 0; defaultConfigurationName = Release; };
		DD3F495F7D6A5AA1C1769021 = { isa = XCBuildConfiguration; buildSettings = { BUNDLE_LOADER = "$(TEST_HOST)"; CODE_SIGN_STYLE = "Automatic"; GENERATE_INFOPLIST_FILE = "YES"; LD_RUNPATH_SEARCH_PATHS = "$(inherited) @executable_path/Frameworks @loader_path/Frameworks"; PRODUCT_BUNDLE_IDENTIFIER = "com.auxiliumenvironmental.spatial.tests"; PRODUCT_NAME = "$(TARGET_NAME)"; TARGETED_DEVICE_FAMILY = "1"; TEST_HOST = "$(BUILT_PRODUCTS_DIR)/AuxiliumSpatial.app/$(BUNDLE_EXECUTABLE_FOLDER_PATH)/AuxiliumSpatial"; }; name = Debug; };
		E670BC2FFE794172EBC92AE3 = { isa = XCBuildConfiguration; buildSettings = { BUNDLE_LOADER = "$(TEST_HOST)"; CODE_SIGN_STYLE = "Automatic"; GENERATE_INFOPLIST_FILE = "YES"; LD_RUNPATH_SEARCH_PATHS = "$(inherited) @executable_path/Frameworks @loader_path/Frameworks"; PRODUCT_BUNDLE_IDENTIFIER = "com.auxiliumenvironmental.spatial.tests"; PRODUCT_NAME = "$(TARGET_NAME)"; TARGETED_DEVICE_FAMILY = "1"; TEST_HOST = "$(BUILT_PRODUCTS_DIR)/AuxiliumSpatial.app/$(BUNDLE_EXECUTABLE_FOLDER_PATH)/AuxiliumSpatial"; }; name = Release; };
		AD7020964E1E033F765FE484 = { isa = XCConfigurationList; buildConfigurations = (DD3F495F7D6A5AA1C1769021, E670BC2FFE794172EBC92AE3,); defaultConfigurationIsVisible = 0; defaultConfigurationName = Release; };
		244210E48437B6556980A702 = { isa = PBXProject; attributes = { BuildIndependentTargetsInParallel = YES; LastUpgradeCheck = 1500; }; buildConfigurationList = B4E10CAA9C5E22150B71559C; compatibilityVersion = "Xcode 14.0"; developmentRegion = en; hasScannedForEncodings = 0; knownRegions = (en, Base,); mainGroup = 19F479106CE8C3BA8C106518; packageReferences = (5AEBF375DF97688E58A677C9, 7D717171E42B8ABBD564AC4E, 5344FCC14C74D93A086674AE, 5C1CFE28CF6FA9CD1BBFC108, FF0B0D9C56BFD690800E61DC,); productRefGroup = B9E7F2871A3402983868AFC8; projectDirPath = ""; projectRoot = ""; targets = (C1E9827DB735CA9BAA54A540, 9805CBD60EB4F66728D5D195,); };
	};
	rootObject = 244210E48437B6556980A702;
}
