// !$*UTF8*$!
// Generated by python3 ios/generate_project.py
{
	archiveVersion = 1;
	classes = {};
	objectVersion = 56;
	objects = {
		C8875FE74B006037E820D1F5 = { isa = PBXFileReference; lastKnownFileType = sourcecode.swift; path = "SpatialApp/AppleSurfaceAdapter.swift"; sourceTree = SOURCE_ROOT; };
		D651E792D8424953D874B359 = { isa = PBXBuildFile; fileRef = C8875FE74B006037E820D1F5; };
		F716EFABC0F865BBDFCB6196 = { isa = PBXFileReference; lastKnownFileType = sourcecode.swift; path = "SpatialApp/AuxiliumSpatialApp.swift"; sourceTree = SOURCE_ROOT; };
		B92F58987FE3A6A879867178 = { isa = PBXBuildFile; fileRef = F716EFABC0F865BBDFCB6196; };
		83084403F234E0C4728D4DE8 = { isa = PBXFileReference; lastKnownFileType = sourcecode.swift; path = "SpatialApp/CaptureController.swift"; sourceTree = SOURCE_ROOT; };
		A84B8FA8979CFD495EEDF17E = { isa = PBXBuildFile; fileRef = 83084403F234E0C4728D4DE8; };
		5B1C50B6E700A9076A0075C8 = { isa = PBXFileReference; lastKnownFileType = sourcecode.swift; path = "SpatialApp/CapturePipeline.swift"; sourceTree = SOURCE_ROOT; };
		D48C76FBF63A0006D08524BC = { isa = PBXBuildFile; fileRef = 5B1C50B6E700A9076A0075C8; };
		D673325E7C3D9E6954B78284 = { isa = PBXFileReference; lastKnownFileType = sourcecode.swift; path = "SpatialApp/DeviceAccessGate.swift"; sourceTree = SOURCE_ROOT; };
		908B607B58E69F8BE071BA62 = { isa = PBXBuildFile; fileRef = D673325E7C3D9E6954B78284; };
		44F3E657A95D7F5AB39401EF = { isa = PBXFileReference; lastKnownFileType = sourcecode.swift; path = "SpatialApp/EditorModel.swift"; sourceTree = SOURCE_ROOT; };
		7EC4D27800FB83B7104CE0E8 = { isa = PBXBuildFile; fileRef = 44F3E657A95D7F5AB39401EF; };
		AAC4C346671BFF6F73EDDC4D = { isa = PBXFileReference; lastKnownFileType = sourcecode.swift; path = "SpatialApp/EditorView.swift"; sourceTree = SOURCE_ROOT; };
		C19FA7603529419A8AB318DF = { isa = PBXBuildFile; fileRef = AAC4C346671BFF6F73EDDC4D; };
		8D5D1F048A4C36D859E185BD = { isa = PBXFileReference; lastKnownFileType = sourcecode.swift; path = "SpatialApp/FloorManagementView.swift"; sourceTree = SOURCE_ROOT; };
		902BFF2D784D18E769BD714C = { isa = PBXBuildFile; fileRef = 8D5D1F048A4C36D859E185BD; };
		F26FADA0851401294F3754C4 = { isa = PBXFileReference; lastKnownFileType = sourcecode.swift; path = "SpatialApp/FloorplanCanvas.swift"; sourceTree = SOURCE_ROOT; };
		171F50C87105B8D2644BF0BE = { isa = PBXBuildFile; fileRef = F26FADA0851401294F3754C4; };
		896ADED7E77C78FDBF442748 = { isa = PBXFileReference; lastKnownFileType = sourcecode.swift; path = "SpatialApp/ObjectInspector.swift"; sourceTree = SOURCE_ROOT; };
		4B7174FA7A687FA4CC6BC87D = { isa = PBXBuildFile; fileRef = 896ADED7E77C78FDBF442748; };
		F5A7A58D79DF3C3AB78CE6E1 = { isa = PBXFileReference; lastKnownFileType = sourcecode.swift; path = "SpatialApp/RealityKitSceneFactory.swift"; sourceTree = SOURCE_ROOT; };
		7C4ED67FA52B8D2365F758C4 = { isa = PBXBuildFile; fileRef = F5A7A58D79DF3C3AB78CE6E1; };
		444AEF45CF9689F0FE4E4823 = { isa = PBXFileReference; lastKnownFileType = sourcecode.swift; path = "SpatialApp/SpatialModelView.swift"; sourceTree = SOURCE_ROOT; };
		858D0260760DA18C2782D4FC = { isa = PBXBuildFile; fileRef = 444AEF45CF9689F0FE4E4823; };
		366126D2F2E8D75E709BDF5D = { isa = PBXFileReference; lastKnownFileType = sourcecode.swift; path = "SpatialApp/StorageStatusView.swift"; sourceTree = SOURCE_ROOT; };
		41245D5372CA78E453A655F9 = { isa = PBXBuildFile; fileRef = 366126D2F2E8D75E709BDF5D; };
		10BFE123656FA2D4345AD4CC = { isa = PBXFileReference; lastKnownFileType = sourcecode.swift; path = "SpatialApp/WorkspaceView.swift"; sourceTree = SOURCE_ROOT; };
		C62E7D743B649E921FB0E570 = { isa = PBXBuildFile; fileRef = 10BFE123656FA2D4345AD4CC; };
		9FA636055A672D67B78C659C = { isa = PBXFileReference; lastKnownFileType = sourcecode.swift; path = "../tests/native/ConnectedCaptureTests.swift"; sourceTree = SOURCE_ROOT; };
		00FCD1D0E0D364F68B67F131 = { isa = PBXBuildFile; fileRef = 9FA636055A672D67B78C659C; };
		7258C1E369A6DD4B510BFEFF = { isa = PBXFileReference; lastKnownFileType = sourcecode.swift; path = "../tests/native/NativeSmokeTests.swift"; sourceTree = SOURCE_ROOT; };
		CDC5EBC7BB0BC905FA9C0835 = { isa = PBXBuildFile; fileRef = 7258C1E369A6DD4B510BFEFF; };
		681C948D238C526E9E3424E0 = { isa = PBXFileReference; explicitFileType = wrapper.application; includeInIndex = 0; path = AuxiliumSpatial.app; sourceTree = BUILT_PRODUCTS_DIR; };
		F739566ED5280322FF98A798 = { isa = PBXFileReference; explicitFileType = wrapper.cfbundle; includeInIndex = 0; path = AuxiliumSpatialTests.xctest; sourceTree = BUILT_PRODUCTS_DIR; };
		9BB40E1333DD3F18A0EA4222 = { isa = PBXFileReference; lastKnownFileType = text.xml; path = SpatialApp/PrivacyInfo.xcprivacy; sourceTree = SOURCE_ROOT; };
		CE592D926B548708CFD0C61E = { isa = PBXBuildFile; fileRef = 9BB40E1333DD3F18A0EA4222; };
		5AEBF375DF97688E58A677C9 = { isa = XCLocalSwiftPackageReference; relativePath = "../packages/SpatialCore"; };
		A812988C9C3268BF8167312B = { isa = XCSwiftPackageProductDependency; package = 5AEBF375DF97688E58A677C9; productName = SpatialCore; };
		0163A70ABBF663308F2D9E8B = { isa = PBXBuildFile; productRef = A812988C9C3268BF8167312B; };
		388F23C688DCDA84C61BD285 = { isa = PBXBuildFile; productRef = A812988C9C3268BF8167312B; };
		7D717171E42B8ABBD564AC4E = { isa = XCLocalSwiftPackageReference; relativePath = "../packages/CaptureKit"; };
		4B5AB958509DDECE136047E2 = { isa = XCSwiftPackageProductDependency; package = 7D717171E42B8ABBD564AC4E; productName = CaptureKit; };
		584B5E84E0F97268762F7483 = { isa = PBXBuildFile; productRef = 4B5AB958509DDECE136047E2; };
		B0DB91C6887561E99AF33F1E = { isa = PBXBuildFile; productRef = 4B5AB958509DDECE136047E2; };
		5344FCC14C74D93A086674AE = { isa = XCLocalSwiftPackageReference; relativePath = "../packages/SpatialPersistence"; };
		0221AA2FA69BC65AD10D628C = { isa = XCSwiftPackageProductDependency; package = 5344FCC14C74D93A086674AE; productName = SpatialPersistence; };
		7A5CFA8F1047A3F43E3602C8 = { isa = PBXBuildFile; productRef = 0221AA2FA69BC65AD10D628C; };
		9A404CFB12B1B005A4F0D888 = { isa = PBXBuildFile; productRef = 0221AA2FA69BC65AD10D628C; };
		5C1CFE28CF6FA9CD1BBFC108 = { isa = XCLocalSwiftPackageReference; relativePath = "../packages/SpatialInterop"; };
		F29E19EADF04EC3BFA639E6C = { isa = XCSwiftPackageProductDependency; package = 5C1CFE28CF6FA9CD1BBFC108; productName = SpatialInterop; };
		E23A2D53CB2B76FFD8EC8939 = { isa = PBXBuildFile; productRef = F29E19EADF04EC3BFA639E6C; };
		631B2CE26ABB03DAD1349AD0 = { isa = PBXBuildFile; productRef = F29E19EADF04EC3BFA639E6C; };
		19F479106CE8C3BA8C106518 = { isa = PBXGroup; children = (3B321D4C1A98E53F25157DEF, C4DF94A42CA730B26E01C133, B9E7F2871A3402983868AFC8,); sourceTree = "<group>"; };
		3B321D4C1A98E53F25157DEF = { isa = PBXGroup; name = SpatialApp; children = (C8875FE74B006037E820D1F5, F716EFABC0F865BBDFCB6196, 83084403F234E0C4728D4DE8, 5B1C50B6E700A9076A0075C8, D673325E7C3D9E6954B78284, 44F3E657A95D7F5AB39401EF, AAC4C346671BFF6F73EDDC4D, 8D5D1F048A4C36D859E185BD, F26FADA0851401294F3754C4, 896ADED7E77C78FDBF442748, F5A7A58D79DF3C3AB78CE6E1, 444AEF45CF9689F0FE4E4823, 366126D2F2E8D75E709BDF5D, 10BFE123656FA2D4345AD4CC, 9BB40E1333DD3F18A0EA4222,); sourceTree = "<group>"; };
		C4DF94A42CA730B26E01C133 = { isa = PBXGroup; name = NativeTests; children = (9FA636055A672D67B78C659C, 7258C1E369A6DD4B510BFEFF,); sourceTree = "<group>"; };
		B9E7F2871A3402983868AFC8 = { isa = PBXGroup; name = Products; children = (681C948D238C526E9E3424E0, F739566ED5280322FF98A798,); sourceTree = "<group>"; };
		AFF87A50730392B6633ACECE = { isa = PBXSourcesBuildPhase; buildActionMask = 2147483647; files = (D651E792D8424953D874B359, B92F58987FE3A6A879867178, A84B8FA8979CFD495EEDF17E, D48C76FBF63A0006D08524BC, 908B607B58E69F8BE071BA62, 7EC4D27800FB83B7104CE0E8, C19FA7603529419A8AB318DF, 902BFF2D784D18E769BD714C, 171F50C87105B8D2644BF0BE, 4B7174FA7A687FA4CC6BC87D, 7C4ED67FA52B8D2365F758C4, 858D0260760DA18C2782D4FC, 41245D5372CA78E453A655F9, C62E7D743B649E921FB0E570,); runOnlyForDeploymentPostprocessing = 0; };
		F9187E824FE171A6F0EFAE28 = { isa = PBXResourcesBuildPhase; buildActionMask = 2147483647; files = (CE592D926B548708CFD0C61E,); runOnlyForDeploymentPostprocessing = 0; };
		7A4C2DC8FCA657188648E999 = { isa = PBXFrameworksBuildPhase; buildActionMask = 2147483647; files = (0163A70ABBF663308F2D9E8B, 584B5E84E0F97268762F7483, 7A5CFA8F1047A3F43E3602C8, E23A2D53CB2B76FFD8EC8939,); runOnlyForDeploymentPostprocessing = 0; };
		DEE94446A282611C16F7781C = { isa = PBXSourcesBuildPhase; buildActionMask = 2147483647; files = (00FCD1D0E0D364F68B67F131, CDC5EBC7BB0BC905FA9C0835,); runOnlyForDeploymentPostprocessing = 0; };
		1F030AB36D1A3A4389CF71AE = { isa = PBXResourcesBuildPhase; buildActionMask = 2147483647; files = (); runOnlyForDeploymentPostprocessing = 0; };
		B10CDED79664567B030B2B4F = { isa = PBXFrameworksBuildPhase; buildActionMask = 2147483647; files = (388F23C688DCDA84C61BD285, B0DB91C6887561E99AF33F1E, 9A404CFB12B1B005A4F0D888, 631B2CE26ABB03DAD1349AD0,); runOnlyForDeploymentPostprocessing = 0; };
		DAB01D73CBBCF1FEDE84E2D6 = { isa = PBXContainerItemProxy; containerPortal = 244210E48437B6556980A702; proxyType = 1; remoteGlobalIDString = C1E9827DB735CA9BAA54A540; remoteInfo = AuxiliumSpatial; };
		D8AC7F769CF2FC78ABB74366 = { isa = PBXTargetDependency; target = C1E9827DB735CA9BAA54A540; targetProxy = DAB01D73CBBCF1FEDE84E2D6; };
		C1E9827DB735CA9BAA54A540 = { isa = PBXNativeTarget; buildConfigurationList = 7BCEE9A04133D8A2FED7D4D3; buildPhases = (AFF87A50730392B6633ACECE, 7A4C2DC8FCA657188648E999, F9187E824FE171A6F0EFAE28,); buildRules = (); dependencies = (); name = AuxiliumSpatial; packageProductDependencies = (A812988C9C3268BF8167312B, 4B5AB958509DDECE136047E2, 0221AA2FA69BC65AD10D628C, F29E19EADF04EC3BFA639E6C,); productName = AuxiliumSpatial; productReference = 681C948D238C526E9E3424E0; productType = "com.apple.product-type.application"; };
		9805CBD60EB4F66728D5D195 = { isa = PBXNativeTarget; buildConfigurationList = AD7020964E1E033F765FE484; buildPhases = (DEE94446A282611C16F7781C, B10CDED79664567B030B2B4F, 1F030AB36D1A3A4389CF71AE,); buildRules = (); dependencies = (D8AC7F769CF2FC78ABB74366,); name = AuxiliumSpatialTests; packageProductDependencies = (A812988C9C3268BF8167312B, 4B5AB958509DDECE136047E2, 0221AA2FA69BC65AD10D628C, F29E19EADF04EC3BFA639E6C,); productName = AuxiliumSpatialTests; productReference = F739566ED5280322FF98A798; productType = "com.apple.product-type.bundle.unit-test"; };
		73EBF6644258C120893E685D = { isa = XCBuildConfiguration; buildSettings = { CLANG_ENABLE_MODULES = "YES"; CLANG_ENABLE_OBJC_ARC = "YES"; DEBUG_INFORMATION_FORMAT = "dwarf"; ENABLE_TESTABILITY = "YES"; ENABLE_USER_SCRIPT_SANDBOXING = "YES"; IPHONEOS_DEPLOYMENT_TARGET = "17.0"; SDKROOT = "iphoneos"; SWIFT_ACTIVE_COMPILATION_CONDITIONS = "DEBUG $(inherited)"; SWIFT_OPTIMIZATION_LEVEL = "-Onone"; SWIFT_VERSION = "5.0"; }; name = Debug; };
		0B0C687DF8B6B8DC790B519C = { isa = XCBuildConfiguration; buildSettings = { CLANG_ENABLE_MODULES = "YES"; CLANG_ENABLE_OBJC_ARC = "YES"; DEBUG_INFORMATION_FORMAT = "dwarf-with-dsym"; ENABLE_TESTABILITY = "NO"; ENABLE_USER_SCRIPT_SANDBOXING = "YES"; IPHONEOS_DEPLOYMENT_TARGET = "17.0"; SDKROOT = "iphoneos"; SWIFT_OPTIMIZATION_LEVEL = "-O"; SWIFT_VERSION = "5.0"; }; name = Release; };
		B4E10CAA9C5E22150B71559C = { isa = XCConfigurationList; buildConfigurations = (73EBF6644258C120893E685D, 0B0C687DF8B6B8DC790B519C,); defaultConfigurationIsVisible = 0; defaultConfigurationName = Release; };
		B00CCDD09424E369308D67FA = { isa = XCBuildConfiguration; buildSettings = { CODE_SIGN_STYLE = "Automatic"; CURRENT_PROJECT_VERSION = "1"; GENERATE_INFOPLIST_FILE = "NO"; INFOPLIST_FILE = "SpatialApp/Info.plist"; LD_RUNPATH_SEARCH_PATHS = "$(inherited) @executable_path/Frameworks"; MARKETING_VERSION = "0.1.0"; PRODUCT_BUNDLE_IDENTIFIER = "com.auxiliumenvironmental.spatial"; PRODUCT_NAME = "$(TARGET_NAME)"; SUPPORTED_PLATFORMS = "iphoneos iphonesimulator"; SUPPORTS_MACCATALYST = "NO"; SUPPORTS_MAC_DESIGNED_FOR_IPHONE_IPAD = "NO"; SWIFT_EMIT_LOC_STRINGS = "YES"; TARGETED_DEVICE_FAMILY = "1"; }; name = Debug; };
		1B104479E55E37CF8A63CBDF = { isa = XCBuildConfiguration; buildSettings = { CODE_SIGN_STYLE = "Automatic"; CURRENT_PROJECT_VERSION = "1"; GENERATE_INFOPLIST_FILE = "NO"; INFOPLIST_FILE = "SpatialApp/Info.plist"; LD_RUNPATH_SEARCH_PATHS = "$(inherited) @executable_path/Frameworks"; MARKETING_VERSION = "0.1.0"; PRODUCT_BUNDLE_IDENTIFIER = "com.auxiliumenvironmental.spatial"; PRODUCT_NAME = "$(TARGET_NAME)"; SUPPORTED_PLATFORMS = "iphoneos iphonesimulator"; SUPPORTS_MACCATALYST = "NO"; SUPPORTS_MAC_DESIGNED_FOR_IPHONE_IPAD = "NO"; SWIFT_EMIT_LOC_STRINGS = "YES"; TARGETED_DEVICE_FAMILY = "1"; }; name = Release; };
		7BCEE9A04133D8A2FED7D4D3 = { isa = XCConfigurationList; buildConfigurations = (B00CCDD09424E369308D67FA, 1B104479E55E37CF8A63CBDF,); defaultConfigurationIsVisible = 0; defaultConfigurationName = Release; };
		DD3F495F7D6A5AA1C1769021 = { isa = XCBuildConfiguration; buildSettings = { BUNDLE_LOADER = "$(TEST_HOST)"; CODE_SIGN_STYLE = "Automatic"; GENERATE_INFOPLIST_FILE = "YES"; LD_RUNPATH_SEARCH_PATHS = "$(inherited) @executable_path/Frameworks @loader_path/Frameworks"; PRODUCT_BUNDLE_IDENTIFIER = "com.auxiliumenvironmental.spatial.tests"; PRODUCT_NAME = "$(TARGET_NAME)"; TARGETED_DEVICE_FAMILY = "1"; TEST_HOST = "$(BUILT_PRODUCTS_DIR)/AuxiliumSpatial.app/$(BUNDLE_EXECUTABLE_FOLDER_PATH)/AuxiliumSpatial"; }; name = Debug; };
		E670BC2FFE794172EBC92AE3 = { isa = XCBuildConfiguration; buildSettings = { BUNDLE_LOADER = "$(TEST_HOST)"; CODE_SIGN_STYLE = "Automatic"; GENERATE_INFOPLIST_FILE = "YES"; LD_RUNPATH_SEARCH_PATHS = "$(inherited) @executable_path/Frameworks @loader_path/Frameworks"; PRODUCT_BUNDLE_IDENTIFIER = "com.auxiliumenvironmental.spatial.tests"; PRODUCT_NAME = "$(TARGET_NAME)"; TARGETED_DEVICE_FAMILY = "1"; TEST_HOST = "$(BUILT_PRODUCTS_DIR)/AuxiliumSpatial.app/$(BUNDLE_EXECUTABLE_FOLDER_PATH)/AuxiliumSpatial"; }; name = Release; };
		AD7020964E1E033F765FE484 = { isa = XCConfigurationList; buildConfigurations = (DD3F495F7D6A5AA1C1769021, E670BC2FFE794172EBC92AE3,); defaultConfigurationIsVisible = 0; defaultConfigurationName = Release; };
		244210E48437B6556980A702 = { isa = PBXProject; attributes = { BuildIndependentTargetsInParallel = YES; LastUpgradeCheck = 1500; }; buildConfigurationList = B4E10CAA9C5E22150B71559C; compatibilityVersion = "Xcode 14.0"; developmentRegion = en; hasScannedForEncodings = 0; knownRegions = (en, Base,); mainGroup = 19F479106CE8C3BA8C106518; packageReferences = (5AEBF375DF97688E58A677C9, 7D717171E42B8ABBD564AC4E, 5344FCC14C74D93A086674AE, 5C1CFE28CF6FA9CD1BBFC108,); productRefGroup = B9E7F2871A3402983868AFC8; projectDirPath = ""; projectRoot = ""; targets = (C1E9827DB735CA9BAA54A540, 9805CBD60EB4F66728D5D195,); };
	};
	rootObject = 244210E48437B6556980A702;
}
